
Microsoft Visual Studio Solution File, Format Version 12.00
# Visual Studio 15
VisualStudioVersion = 15.0.28010.2050
MinimumVisualStudioVersion = 10.0.40219.1
Project("{FAE04EC0-301F-11D3-BF4B-00C04F79EFBC}") = "NextBook", "NextBook\NextBook.csproj", "{26A9C9F8-E684-466F-AE02-A17A09AF1C2B}"
EndProject
Global
	GlobalSection(SolutionConfigurationPlatforms) = preSolution
		Debug|Any CPU = Debug|Any CPU
		Release|Any CPU = Release|Any CPU
	EndGlobalSection
	GlobalSection(ProjectConfigurationPlatforms) = postSolution
		{26A9C9F8-E684-466F-AE02-A17A09AF1C2B}.Debug|Any CPU.ActiveCfg = Debug|Any CPU
		{26A9C9F8-E684-466F-AE02-A17A09AF1C2B}.Debug|Any CPU.Build.0 = Debug|Any CPU
		{26A9C9F8-E684-466F-AE02-A17A09AF1C2B}.Release|Any CPU.ActiveCfg = Release|Any CPU
		{26A9C9F8-E684-466F-AE02-A17A09AF1C2B}.Release|Any CPU.Build.0 = Release|Any CPU
	EndGlobalSection
	GlobalSection(SolutionProperties) = preSolution
		HideSolutionNode = FALSE
	EndGlobalSection
	GlobalSection(ExtensibilityGlobals) = postSolution
		SolutionGuid = {332098BD-9F58-4E82-9F89-87E2B3EE331D}
	EndGlobalSection
EndGlobal
